
Microsoft Visual Studio Solution File, Format Version 12.00
# Visual Studio Version 17
VisualStudioVersion = 17.7.34031.279
MinimumVisualStudioVersion = 10.0.40219.1
Project("{FAE04EC0-301F-11D3-BF4B-00C04F79EFBC}") = "Mclarba4eval", "Mclarba4eval.csproj", "{1E3BF3CA-D498-44D2-971B-3234C2FB98B0}"
EndProject
Global
	GlobalSection(SolutionConfigurationPlatforms) = preSolution
		Debug|Any CPU = Debug|Any CPU
		Release|Any CPU = Release|Any CPU
	EndGlobalSection
	GlobalSection(ProjectConfigurationPlatforms) = postSolution
		{1E3BF3CA-D498-44D2-971B-3234C2FB98B0}.Debug|Any CPU.ActiveCfg = Debug|Any CPU
		{1E3BF3CA-D498-44D2-971B-3234C2FB98B0}.Debug|Any CPU.Build.0 = Debug|Any CPU
		{1E3BF3CA-D498-44D2-971B-3234C2FB98B0}.Release|Any CPU.ActiveCfg = Release|Any CPU
		{1E3BF3CA-D498-44D2-971B-3234C2FB98B0}.Release|Any CPU.Build.0 = Release|Any CPU
	EndGlobalSection
	GlobalSection(SolutionProperties) = preSolution
		HideSolutionNode = FALSE
	EndGlobalSection
	GlobalSection(ExtensibilityGlobals) = postSolution
		SolutionGuid = {38439FB0-00AE-41F0-9855-6CDE2B0312F3}
	EndGlobalSection
EndGlobal
